// !$*UTF8*$!
{
	archiveVersion = 1;
	classes = {
	};
	objectVersion = 56;
	objects = {

/* Begin PBXBuildFile section */
		1996CE5429E2385500193411 /* AppDelegate.swift in Sources */ = {isa = PBXBuildFile; fileRef = 1996CE5329E2385500193411 /* AppDelegate.swift */; };
		1996CE5629E2385500193411 /* SceneDelegate.swift in Sources */ = {isa = PBXBuildFile; fileRef = 1996CE5529E2385500193411 /* SceneDelegate.swift */; };
		1996CE5829E2385500193411 /* ViewController.swift in Sources */ = {isa = PBXBuildFile; fileRef = 1996CE5729E2385500193411 /* ViewController.swift */; };
		1996CE5B29E2385500193411 /* Main.storyboard in Resources */ = {isa = PBXBuildFile; fileRef = 1996CE5929E2385500193411 /* Main.storyboard */; };
		1996CE5D29E2385700193411 /* Assets.xcassets in Resources */ = {isa = PBXBuildFile; fileRef = 1996CE5C29E2385700193411 /* Assets.xcassets */; };
		1996CE6029E2385700193411 /* LaunchScreen.storyboard in Resources */ = {isa = PBXBuildFile; fileRef = 1996CE5E29E2385700193411 /* LaunchScreen.storyboard */; };
		1996CE6B29E2385700193411 /* F1TireManagementTests.swift in Sources */ = {isa = PBXBuildFile; fileRef = 1996CE6A29E2385700193411 /* F1TireManagementTests.swift */; };
		1996CE7529E2385800193411 /* F1TireManagementUITests.swift in Sources */ = {isa = PBXBuildFile; fileRef = 1996CE7429E2385800193411 /* F1TireManagementUITests.swift */; };
		1996CE7729E2385800193411 /* F1TireManagementUITestsLaunchTests.swift in Sources */ = {isa = PBXBuildFile; fileRef = 1996CE7629E2385800193411 /* F1TireManagementUITestsLaunchTests.swift */; };
/* End PBXBuildFile section */

/* Begin PBXContainerItemProxy section */
		1996CE6729E2385700193411 /* PBXContainerItemProxy */ = {
			isa = PBXContainerItemProxy;
			containerPortal = 1996CE4829E2385500193411 /* Project object */;
			proxyType = 1;
			remoteGlobalIDString = 1996CE4F29E2385500193411;
			remoteInfo = F1TireManagement;
		};
		1996CE7129E2385800193411 /* PBXContainerItemProxy */ = {
			isa = PBXContainerItemProxy;
			containerPortal = 1996CE4829E2385500193411 /* Project object */;
			proxyType = 1;
			remoteGlobalIDString = 1996CE4F29E2385500193411;
			remoteInfo = F1TireManagement;
		};
/* End PBXContainerItemProxy section */

/* Begin PBXFileReference section */
		1996CE5029E2385500193411 /* F1TireManagement.app */ = {isa = PBXFileReference; explicitFileType = wrapper.application; includeInIndex = 0; path = F1TireManagement.app; sourceTree = BUILT_PRODUCTS_DIR; };
		1996CE5329E2385500193411 /* AppDelegate.swift */ = {isa = PBXFileReference; lastKnownFileType = sourcecode.swift; path = AppDelegate.swift; sourceTree = "<group>"; };
		1996CE5529E2385500193411 /* SceneDelegate.swift */ = {isa = PBXFileReference; lastKnownFileType = sourcecode.swift; path = SceneDelegate.swift; sourceTree = "<group>"; };
		1996CE5729E2385500193411 /* ViewController.swift */ = {isa = PBXFileReference; lastKnownFileType = sourcecode.swift; path = ViewController.swift; sourceTree = "<group>"; };
		1996CE5A29E2385500193411 /* Base */ = {isa = PBXFileReference; lastKnownFileType = file.storyboard; name = Base; path = Base.lproj/Main.storyboard; sourceTree = "<group>"; };
		1996CE5C29E2385700193411 /* Assets.xcassets */ = {isa = PBXFileReference; lastKnownFileType = folder.assetcatalog; path = Assets.xcassets; sourceTree = "<group>"; };
		1996CE5F29E2385700193411 /* Base */ = {isa = PBXFileReference; lastKnownFileType = file.storyboard; name = Base; path = Base.lproj/LaunchScreen.storyboard; sourceTree = "<group>"; };
		1996CE6129E2385700193411 /* Info.plist */ = {isa = PBXFileReference; lastKnownFileType = text.plist.xml; path = Info.plist; sourceTree = "<group>"; };
		1996CE6629E2385700193411 /* F1TireManagementTests.xctest */ = {isa = PBXFileReference; explicitFileType = wrapper.cfbundle; includeInIndex = 0; path = F1TireManagementTests.xctest; sourceTree = BUILT_PRODUCTS_DIR; };
		1996CE6A29E2385700193411 /* F1TireManagementTests.swift */ = {isa = PBXFileReference; lastKnownFileType = sourcecode.swift; path = F1TireManagementTests.swift; sourceTree = "<group>"; };
		1996CE7029E2385800193411 /* F1TireManagementUITests.xctest */ = {isa = PBXFileReference; explicitFileType = wrapper.cfbundle; includeInIndex = 0; path = F1TireManagementUITests.xctest; sourceTree = BUILT_PRODUCTS_DIR; };
		1996CE7429E2385800193411 /* F1TireManagementUITests.swift */ = {isa = PBXFileReference; lastKnownFileType = sourcecode.swift; path = F1TireManagementUITests.swift; sourceTree = "<group>"; };
		1996CE7629E2385800193411 /* F1TireManagementUITestsLaunchTests.swift */ = {isa = PBXFileReference; lastKnownFileType = sourcecode.swift; path = F1TireManagementUITestsLaunchTests.swift; sourceTree = "<group>"; };
/* End PBXFileReference section */

/* Begin PBXFrameworksBuildPhase section */
		1996CE4D29E2385500193411 /* Frameworks */ = {
			isa = PBXFrameworksBuildPhase;
			buildActionMask = 2147483647;
			files = (
			);
			runOnlyForDeploymentPostprocessing = 0;
		};
		1996CE6329E2385700193411 /* Frameworks */ = {
			isa = PBXFrameworksBuildPhase;
			buildActionMask = 2147483647;
			files = (
			);
			runOnlyForDeploymentPostprocessing = 0;
		};
		1996CE6D29E2385800193411 /* Frameworks */ = {
			isa = PBXFrameworksBuildPhase;
			buildActionMask = 2147483647;
			files = (
			);
			runOnlyForDeploymentPostprocessing = 0;
		};
/* End PBXFrameworksBuildPhase section */

/* Begin PBXGroup section */
		1996CE4729E2385500193411 = {
			isa = PBXGroup;
			children = (
				1996CE5229E2385500193411 /* F1TireManagement */,
				1996CE6929E2385700193411 /* F1TireManagementTests */,
				1996CE7329E2385800193411 /* F1TireManagementUITests */,
				1996CE5129E2385500193411 /* Products */,
			);
			sourceTree = "<group>";
		};
		1996CE5129E2385500193411 /* Products */ = {
			isa = PBXGroup;
			children = (
				1996CE5029E2385500193411 /* F1TireManagement.app */,
				1996CE6629E2385700193411 /* F1TireManagementTests.xctest */,
				1996CE7029E2385800193411 /* F1TireManagementUITests.xctest */,
			);
			name = Products;
			sourceTree = "<group>";
		};
		1996CE5229E2385500193411 /* F1TireManagement */ = {
			isa = PBXGroup;
			children = (
				1996CE5329E2385500193411 /* AppDelegate.swift */,
				1996CE5529E2385500193411 /* SceneDelegate.swift */,
				1996CE5729E2385500193411 /* ViewController.swift */,
				1996CE5929E2385500193411 /* Main.storyboard */,
				1996CE5C29E2385700193411 /* Assets.xcassets */,
				1996CE5E29E2385700193411 /* LaunchScreen.storyboard */,
				1996CE6129E2385700193411 /* Info.plist */,
			);
			path = F1TireManagement;
			sourceTree = "<group>";
		};
		1996CE6929E2385700193411 /* F1TireManagementTests */ = {
			isa = PBXGroup;
			children = (
				1996CE6A29E2385700193411 /* F1TireManagementTests.swift */,
			);
			path = F1TireManagementTests;
			sourceTree = "<group>";
		};
		1996CE7329E2385800193411 /* F1TireManagementUITests */ = {
			isa = PBXGroup;
			children = (
				1996CE7429E2385800193411 /* F1TireManagementUITests.swift */,
				1996CE7629E2385800193411 /* F1TireManagementUITestsLaunchTests.swift */,
			);
			path = F1TireManagementUITests;
			sourceTree = "<group>";
		};
/* End PBXGroup section */

/* Begin PBXNativeTarget section */
		1996CE4F29E2385500193411 /* F1TireManagement */ = {
			isa = PBXNativeTarget;
			buildConfigurationList = 1996CE7A29E2385800193411 /* Build configuration list for PBXNativeTarget "F1TireManagement" */;
			buildPhases = (
				1996CE4C29E2385500193411 /* Sources */,
				1996CE4D29E2385500193411 /* Frameworks */,
				1996CE4E29E2385500193411 /* Resources */,
			);
			buildRules = (
			);
			dependencies = (
			);
			name = F1TireManagement;
			productName = F1TireManagement;
			productReference = 1996CE5029E2385500193411 /* F1TireManagement.app */;
			productType = "com.apple.product-type.application";
		};
		1996CE6529E2385700193411 /* F1TireManagementTests */ = {
			isa = PBXNativeTarget;
			buildConfigurationList = 1996CE7D29E2385800193411 /* Build configuration list for PBXNativeTarget "F1TireManagementTests" */;
			buildPhases = (
				1996CE6229E2385700193411 /* Sources */,
				1996CE6329E2385700193411 /* Frameworks */,
				1996CE6429E2385700193411 /* Resources */,
			);
			buildRules = (
			);
			dependencies = (
				1996CE6829E2385700193411 /* PBXTargetDependency */,
			);
			name = F1TireManagementTests;
			productName = F1TireManagementTests;
			productReference = 1996CE6629E2385700193411 /* F1TireManagementTests.xctest */;
			productType = "com.apple.product-type.bundle.unit-test";
		};
		1996CE6F29E2385800193411 /* F1TireManagementUITests */ = {
			isa = PBXNativeTarget;
			buildConfigurationList = 1996CE8029E2385800193411 /* Build configuration list for PBXNativeTarget "F1TireManagementUITests" */;
			buildPhases = (
				1996CE6C29E2385800193411 /* Sources */,
				1996CE6D29E2385800193411 /* Frameworks */,
				1996CE6E29E2385800193411 /* Resources */,
			);
			buildRules = (
			);
			dependencies = (
				1996CE7229E2385800193411 /* PBXTargetDependency */,
			);
			name = F1TireManagementUITests;
			productName = F1TireManagementUITests;
			productReference = 1996CE7029E2385800193411 /* F1TireManagementUITests.xctest */;
			productType = "com.apple.product-type.bundle.ui-testing";
		};
/* End PBXNativeTarget section */

/* Begin PBXProject section */
		1996CE4829E2385500193411 /* Project object */ = {
			isa = PBXProject;
			attributes = {
				BuildIndependentTargetsInParallel = 1;
				LastSwiftUpdateCheck = 1420;
				LastUpgradeCheck = 1420;
				TargetAttributes = {
					1996CE4F29E2385500193411 = {
						CreatedOnToolsVersion = 14.2;
					};
					1996CE6529E2385700193411 = {
						CreatedOnToolsVersion = 14.2;
						TestTargetID = 1996CE4F29E2385500193411;
					};
					1996CE6F29E2385800193411 = {
						CreatedOnToolsVersion = 14.2;
						TestTargetID = 1996CE4F29E2385500193411;
					};
				};
			};
			buildConfigurationList = 1996CE4B29E2385500193411 /* Build configuration list for PBXProject "F1TireManagement" */;
			compatibilityVersion = "Xcode 14.0";
			developmentRegion = en;
			hasScannedForEncodings = 0;
			knownRegions = (
				en,
				Base,
			);
			mainGroup = 1996CE4729E2385500193411;
			productRefGroup = 1996CE5129E2385500193411 /* Products */;
			projectDirPath = "";
			projectRoot = "";
			targets = (
				1996CE4F29E2385500193411 /* F1TireManagement */,
				1996CE6529E2385700193411 /* F1TireManagementTests */,
				1996CE6F29E2385800193411 /* F1TireManagementUITests */,
			);
		};
/* End PBXProject section */

/* Begin PBXResourcesBuildPhase section */
		1996CE4E29E2385500193411 /* Resources */ = {
			isa = PBXResourcesBuildPhase;
			buildActionMask = 2147483647;
			files = (
				1996CE6029E2385700193411 /* LaunchScreen.storyboard in Resources */,
				1996CE5D29E2385700193411 /* Assets.xcassets in Resources */,
				1996CE5B29E2385500193411 /* Main.storyboard in Resources */,
			);
			runOnlyForDeploymentPostprocessing = 0;
		};
		1996CE6429E2385700193411 /* Resources */ = {
			isa = PBXResourcesBuildPhase;
			buildActionMask = 2147483647;
			files = (
			);
			runOnlyForDeploymentPostprocessing = 0;
		};
		1996CE6E29E2385800193411 /* Resources */ = {
			isa = PBXResourcesBuildPhase;
			buildActionMask = 2147483647;
			files = (
			);
			runOnlyForDeploymentPostprocessing = 0;
		};
/* End PBXResourcesBuildPhase section */

/* Begin PBXSourcesBuildPhase section */
		1996CE4C29E2385500193411 /* Sources */ = {
			isa = PBXSourcesBuildPhase;
			buildActionMask = 2147483647;
			files = (
				1996CE5829E2385500193411 /* ViewController.swift in Sources */,
				1996CE5429E2385500193411 /* AppDelegate.swift in Sources */,
				1996CE5629E2385500193411 /* SceneDelegate.swift in Sources */,
			);
			runOnlyForDeploymentPostprocessing = 0;
		};
		1996CE6229E2385700193411 /* Sources */ = {
			isa = PBXSourcesBuildPhase;
			buildActionMask = 2147483647;
			files = (
				1996CE6B29E2385700193411 /* F1TireManagementTests.swift in Sources */,
			);
			runOnlyForDeploymentPostprocessing = 0;
		};
		1996CE6C29E2385800193411 /* Sources */ = {
			isa = PBXSourcesBuildPhase;
			buildActionMask = 2147483647;
			files = (
				1996CE7729E2385800193411 /* F1TireManagementUITestsLaunchTests.swift in Sources */,
				1996CE7529E2385800193411 /* F1TireManagementUITests.swift in Sources */,
			);
			runOnlyForDeploymentPostprocessing = 0;
		};
/* End PBXSourcesBuildPhase section */

/* Begin PBXTargetDependency section */
		1996CE6829E2385700193411 /* PBXTargetDependency */ = {
			isa = PBXTargetDependency;
			target = 1996CE4F29E2385500193411 /* F1TireManagement */;
			targetProxy = 1996CE6729E2385700193411 /* PBXContainerItemProxy */;
		};
		1996CE7229E2385800193411 /* PBXTargetDependency */ = {
			isa = PBXTargetDependency;
			target = 1996CE4F29E2385500193411 /* F1TireManagement */;
			targetProxy = 1996CE7129E2385800193411 /* PBXContainerItemProxy */;
		};
/* End PBXTargetDependency section */

/* Begin PBXVariantGroup section */
		1996CE5929E2385500193411 /* Main.storyboard */ = {
			isa = PBXVariantGroup;
			children = (
				1996CE5A29E2385500193411 /* Base */,
			);
			name = Main.storyboard;
			sourceTree = "<group>";
		};
		1996CE5E29E2385700193411 /* LaunchScreen.storyboard */ = {
			isa = PBXVariantGroup;
			children = (
				1996CE5F29E2385700193411 /* Base */,
			);
			name = LaunchScreen.storyboard;
			sourceTree = "<group>";
		};
/* End PBXVariantGroup section */

/* Begin XCBuildConfiguration section */
		1996CE7829E2385800193411 /* Debug */ = {
			isa = XCBuildConfiguration;
			buildSettings = {
				ALWAYS_SEARCH_USER_PATHS = NO;
				CLANG_ANALYZER_NONNULL = YES;
				CLANG_ANALYZER_NUMBER_OBJECT_CONVERSION = YES_AGGRESSIVE;
				CLANG_CXX_LANGUAGE_STANDARD = "gnu++20";
				CLANG_ENABLE_MODULES = YES;
				CLANG_ENABLE_OBJC_ARC = YES;
				CLANG_ENABLE_OBJC_WEAK = YES;
				CLANG_WARN_BLOCK_CAPTURE_AUTORELEASING = YES;
				CLANG_WARN_BOOL_CONVERSION = YES;
				CLANG_WARN_COMMA = YES;
				CLANG_WARN_CONSTANT_CONVERSION = YES;
				CLANG_WARN_DEPRECATED_OBJC_IMPLEMENTATIONS = YES;
				CLANG_WARN_DIRECT_OBJC_ISA_USAGE = YES_ERROR;
				CLANG_WARN_DOCUMENTATION_COMMENTS = YES;
				CLANG_WARN_EMPTY_BODY = YES;
				CLANG_WARN_ENUM_CONVERSION = YES;
				CLANG_WARN_INFINITE_RECURSION = YES;
				CLANG_WARN_INT_CONVERSION = YES;
				CLANG_WARN_NON_LITERAL_NULL_CONVERSION = YES;
				CLANG_WARN_OBJC_IMPLICIT_RETAIN_SELF = YES;
				CLANG_WARN_OBJC_LITERAL_CONVERSION = YES;
				CLANG_WARN_OBJC_ROOT_CLASS = YES_ERROR;
				CLANG_WARN_QUOTED_INCLUDE_IN_FRAMEWORK_HEADER = YES;
				CLANG_WARN_RANGE_LOOP_ANALYSIS = YES;
				CLANG_WARN_STRICT_PROTOTYPES = YES;
				CLANG_WARN_SUSPICIOUS_MOVE = YES;
				CLANG_WARN_UNGUARDED_AVAILABILITY = YES_AGGRESSIVE;
				CLANG_WARN_UNREACHABLE_CODE = YES;
				CLANG_WARN__DUPLICATE_METHOD_MATCH = YES;
				COPY_PHASE_STRIP = NO;
				DEBUG_INFORMATION_FORMAT = dwarf;
				ENABLE_STRICT_OBJC_MSGSEND = YES;
				ENABLE_TESTABILITY = YES;
				GCC_C_LANGUAGE_STANDARD = gnu11;
				GCC_DYNAMIC_NO_PIC = NO;
				GCC_NO_COMMON_BLOCKS = YES;
				GCC_OPTIMIZATION_LEVEL = 0;
				GCC_PREPROCESSOR_DEFINITIONS = (
					"DEBUG=1",
					"$(inherited)",
				);
				GCC_WARN_64_TO_32_BIT_CONVERSION = YES;
				GCC_WARN_ABOUT_RETURN_TYPE = YES_ERROR;
				GCC_WARN_UNDECLARED_SELECTOR = YES;
				GCC_WARN_UNINITIALIZED_AUTOS = YES_AGGRESSIVE;
				GCC_WARN_UNUSED_FUNCTION = YES;
				GCC_WARN_UNUSED_VARIABLE = YES;
				IPHONEOS_DEPLOYMENT_TARGET = 16.2;
				MTL_ENABLE_DEBUG_INFO = INCLUDE_SOURCE;
				MTL_FAST_MATH = YES;
				ONLY_ACTIVE_ARCH = YES;
				SDKROOT = iphoneos;
				SWIFT_ACTIVE_COMPILATION_CONDITIONS = DEBUG;
				SWIFT_OPTIMIZATION_LEVEL = "-Onone";
			};
			name = Debug;
		};
		1996CE7929E2385800193411 /* Release */ = {
			isa = XCBuildConfiguration;
			buildSettings = {
				ALWAYS_SEARCH_USER_PATHS = NO;
				CLANG_ANALYZER_NONNULL = YES;
				CLANG_ANALYZER_NUMBER_OBJECT_CONVERSION = YES_AGGRESSIVE;
				CLANG_CXX_LANGUAGE_STANDARD = "gnu++20";
				CLANG_ENABLE_MODULES = YES;
				CLANG_ENABLE_OBJC_ARC = YES;
				CLANG_ENABLE_OBJC_WEAK = YES;
				CLANG_WARN_BLOCK_CAPTURE_AUTORELEASING = YES;
				CLANG_WARN_BOOL_CONVERSION = YES;
				CLANG_WARN_COMMA = YES;
				CLANG_WARN_CONSTANT_CONVERSION = YES;
				CLANG_WARN_DEPRECATED_OBJC_IMPLEMENTATIONS = YES;
				CLANG_WARN_DIRECT_OBJC_ISA_USAGE = YES_ERROR;
				CLANG_WARN_DOCUMENTATION_COMMENTS = YES;
				CLANG_WARN_EMPTY_BODY = YES;
				CLANG_WARN_ENUM_CONVERSION = YES;
				CLANG_WARN_INFINITE_RECURSION = YES;
				CLANG_WARN_INT_CONVERSION = YES;
				CLANG_WARN_NON_LITERAL_NULL_CONVERSION = YES;
				CLANG_WARN_OBJC_IMPLICIT_RETAIN_SELF = YES;
				CLANG_WARN_OBJC_LITERAL_CONVERSION = YES;
				CLANG_WARN_OBJC_ROOT_CLASS = YES_ERROR;
				CLANG_WARN_QUOTED_INCLUDE_IN_FRAMEWORK_HEADER = YES;
				CLANG_WARN_RANGE_LOOP_ANALYSIS = YES;
				CLANG_WARN_STRICT_PROTOTYPES = YES;
				CLANG_WARN_SUSPICIOUS_MOVE = YES;
				CLANG_WARN_UNGUARDED_AVAILABILITY = YES_AGGRESSIVE;
				CLANG_WARN_UNREACHABLE_CODE = YES;
				CLANG_WARN__DUPLICATE_METHOD_MATCH = YES;
				COPY_PHASE_STRIP = NO;
				DEBUG_INFORMATION_FORMAT = "dwarf-with-dsym";
				ENABLE_NS_ASSERTIONS = NO;
				ENABLE_STRICT_OBJC_MSGSEND = YES;
				GCC_C_LANGUAGE_STANDARD = gnu11;
				GCC_NO_COMMON_BLOCKS = YES;
				GCC_WARN_64_TO_32_BIT_CONVERSION = YES;
				GCC_WARN_ABOUT_RETURN_TYPE = YES_ERROR;
				GCC_WARN_UNDECLARED_SELECTOR = YES;
				GCC_WARN_UNINITIALIZED_AUTOS = YES_AGGRESSIVE;
				GCC_WARN_UNUSED_FUNCTION = YES;
				GCC_WARN_UNUSED_VARIABLE = YES;
				IPHONEOS_DEPLOYMENT_TARGET = 16.2;
				MTL_ENABLE_DEBUG_INFO = NO;
				MTL_FAST_MATH = YES;
				SDKROOT = iphoneos;
				SWIFT_COMPILATION_MODE = wholemodule;
				SWIFT_OPTIMIZATION_LEVEL = "-O";
				VALIDATE_PRODUCT = YES;
			};
			name = Release;
		};
		1996CE7B29E2385800193411 /* Debug */ = {
			isa = XCBuildConfiguration;
			buildSettings = {
				ASSETCATALOG_COMPILER_APPICON_NAME = AppIcon;
				ASSETCATALOG_COMPILER_GLOBAL_ACCENT_COLOR_NAME = AccentColor;
				CODE_SIGN_STYLE = Automatic;
				CURRENT_PROJECT_VERSION = 1;
				DEVELOPMENT_TEAM = 6A8Y22NRM2;
				GENERATE_INFOPLIST_FILE = YES;
				INFOPLIST_FILE = F1TireManagement/Info.plist;
				INFOPLIST_KEY_UIApplicationSupportsIndirectInputEvents = YES;
				INFOPLIST_KEY_UILaunchStoryboardName = LaunchScreen;
				INFOPLIST_KEY_UIMainStoryboardFile = Main;
				INFOPLIST_KEY_UISupportedInterfaceOrientations_iPad = "UIInterfaceOrientationPortrait UIInterfaceOrientationPortraitUpsideDown UIInterfaceOrientationLandscapeLeft UIInterfaceOrientationLandscapeRight";
				INFOPLIST_KEY_UISupportedInterfaceOrientations_iPhone = "UIInterfaceOrientationPortrait UIInterfaceOrientationLandscapeLeft UIInterfaceOrientationLandscapeRight";
				LD_RUNPATH_SEARCH_PATHS = (
					"$(inherited)",
					"@executable_path/Frameworks",
				);
				MARKETING_VERSION = 1.0;
				PRODUCT_BUNDLE_IDENTIFIER = Merima.F1TireManagement;
				PRODUCT_NAME = "$(TARGET_NAME)";
				SWIFT_EMIT_LOC_STRINGS = YES;
				SWIFT_VERSION = 5.0;
				TARGETED_DEVICE_FAMILY = "1,2";
			};
			name = Debug;
		};
		1996CE7C29E2385800193411 /* Release */ = {
			isa = XCBuildConfiguration;
			buildSettings = {
				ASSETCATALOG_COMPILER_APPICON_NAME = AppIcon;
				ASSETCATALOG_COMPILER_GLOBAL_ACCENT_COLOR_NAME = AccentColor;
				CODE_SIGN_STYLE = Automatic;
				CURRENT_PROJECT_VERSION = 1;
				DEVELOPMENT_TEAM = 6A8Y22NRM2;
				GENERATE_INFOPLIST_FILE = YES;
				INFOPLIST_FILE = F1TireManagement/Info.plist;
				INFOPLIST_KEY_UIApplicationSupportsIndirectInputEvents = YES;
				INFOPLIST_KEY_UILaunchStoryboardName = LaunchScreen;
				INFOPLIST_KEY_UIMainStoryboardFile = Main;
				INFOPLIST_KEY_UISupportedInterfaceOrientations_iPad = "UIInterfaceOrientationPortrait UIInterfaceOrientationPortraitUpsideDown UIInterfaceOrientationLandscapeLeft UIInterfaceOrientationLandscapeRight";
				INFOPLIST_KEY_UISupportedInterfaceOrientations_iPhone = "UIInterfaceOrientationPortrait UIInterfaceOrientationLandscapeLeft UIInterfaceOrientationLandscapeRight";
				LD_RUNPATH_SEARCH_PATHS = (
					"$(inherited)",
					"@executable_path/Frameworks",
				);
				MARKETING_VERSION = 1.0;
				PRODUCT_BUNDLE_IDENTIFIER = Merima.F1TireManagement;
				PRODUCT_NAME = "$(TARGET_NAME)";
				SWIFT_EMIT_LOC_STRINGS = YES;
				SWIFT_VERSION = 5.0;
				TARGETED_DEVICE_FAMILY = "1,2";
			};
			name = Release;
		};
		1996CE7E29E2385800193411 /* Debug */ = {
			isa = XCBuildConfiguration;
			buildSettings = {
				ALWAYS_EMBED_SWIFT_STANDARD_LIBRARIES = YES;
				BUNDLE_LOADER = "$(TEST_HOST)";
				CODE_SIGN_STYLE = Automatic;
				CURRENT_PROJECT_VERSION = 1;
				DEVELOPMENT_TEAM = 6A8Y22NRM2;
				GENERATE_INFOPLIST_FILE = YES;
				IPHONEOS_DEPLOYMENT_TARGET = 16.2;
				MARKETING_VERSION = 1.0;
				PRODUCT_BUNDLE_IDENTIFIER = Merima.F1TireManagementTests;
				PRODUCT_NAME = "$(TARGET_NAME)";
				SWIFT_EMIT_LOC_STRINGS = NO;
				SWIFT_VERSION = 5.0;
				TARGETED_DEVICE_FAMILY = "1,2";
				TEST_HOST = "$(BUILT_PRODUCTS_DIR)/F1TireManagement.app/$(BUNDLE_EXECUTABLE_FOLDER_PATH)/F1TireManagement";
			};
			name = Debug;
		};
		1996CE7F29E2385800193411 /* Release */ = {
			isa = XCBuildConfiguration;
			buildSettings = {
				ALWAYS_EMBED_SWIFT_STANDARD_LIBRARIES = YES;
				BUNDLE_LOADER = "$(TEST_HOST)";
				CODE_SIGN_STYLE = Automatic;
				CURRENT_PROJECT_VERSION = 1;
				DEVELOPMENT_TEAM = 6A8Y22NRM2;
				GENERATE_INFOPLIST_FILE = YES;
				IPHONEOS_DEPLOYMENT_TARGET = 16.2;
				MARKETING_VERSION = 1.0;
				PRODUCT_BUNDLE_IDENTIFIER = Merima.F1TireManagementTests;
				PRODUCT_NAME = "$(TARGET_NAME)";
				SWIFT_EMIT_LOC_STRINGS = NO;
				SWIFT_VERSION = 5.0;
				TARGETED_DEVICE_FAMILY = "1,2";
				TEST_HOST = "$(BUILT_PRODUCTS_DIR)/F1TireManagement.app/$(BUNDLE_EXECUTABLE_FOLDER_PATH)/F1TireManagement";
			};
			name = Release;
		};
		1996CE8129E2385800193411 /* Debug */ = {
			isa = XCBuildConfiguration;
			buildSettings = {
				ALWAYS_EMBED_SWIFT_STANDARD_LIBRARIES = YES;
				CODE_SIGN_STYLE = Automatic;
				CURRENT_PROJECT_VERSION = 1;
				DEVELOPMENT_TEAM = 6A8Y22NRM2;
				GENERATE_INFOPLIST_FILE = YES;
				MARKETING_VERSION = 1.0;
				PRODUCT_BUNDLE_IDENTIFIER = Merima.F1TireManagementUITests;
				PRODUCT_NAME = "$(TARGET_NAME)";
				SWIFT_EMIT_LOC_STRINGS = NO;
				SWIFT_VERSION = 5.0;
				TARGETED_DEVICE_FAMILY = "1,2";
				TEST_TARGET_NAME = F1TireManagement;
			};
			name = Debug;
		};
		1996CE8229E2385800193411 /* Release */ = {
			isa = XCBuildConfiguration;
			buildSettings = {
				ALWAYS_EMBED_SWIFT_STANDARD_LIBRARIES = YES;
				CODE_SIGN_STYLE = Automatic;
				CURRENT_PROJECT_VERSION = 1;
				DEVELOPMENT_TEAM = 6A8Y22NRM2;
				GENERATE_INFOPLIST_FILE = YES;
				MARKETING_VERSION = 1.0;
				PRODUCT_BUNDLE_IDENTIFIER = Merima.F1TireManagementUITests;
				PRODUCT_NAME = "$(TARGET_NAME)";
				SWIFT_EMIT_LOC_STRINGS = NO;
				SWIFT_VERSION = 5.0;
				TARGETED_DEVICE_FAMILY = "1,2";
				TEST_TARGET_NAME = F1TireManagement;
			};
			name = Release;
		};
/* End XCBuildConfiguration section */

/* Begin XCConfigurationList section */
		1996CE4B29E2385500193411 /* Build configuration list for PBXProject "F1TireManagement" */ = {
			isa = XCConfigurationList;
			buildConfigurations = (
				1996CE7829E2385800193411 /* Debug */,
				1996CE7929E2385800193411 /* Release */,
			);
			defaultConfigurationIsVisible = 0;
			defaultConfigurationName = Release;
		};
		1996CE7A29E2385800193411 /* Build configuration list for PBXNativeTarget "F1TireManagement" */ = {
			isa = XCConfigurationList;
			buildConfigurations = (
				1996CE7B29E2385800193411 /* Debug */,
				1996CE7C29E2385800193411 /* Release */,
			);
			defaultConfigurationIsVisible = 0;
			defaultConfigurationName = Release;
		};
		1996CE7D29E2385800193411 /* Build configuration list for PBXNativeTarget "F1TireManagementTests" */ = {
			isa = XCConfigurationList;
			buildConfigurations = (
				1996CE7E29E2385800193411 /* Debug */,
				1996CE7F29E2385800193411 /* Release */,
			);
			defaultConfigurationIsVisible = 0;
			defaultConfigurationName = Release;
		};
		1996CE8029E2385800193411 /* Build configuration list for PBXNativeTarget "F1TireManagementUITests" */ = {
			isa = XCConfigurationList;
			buildConfigurations = (
				1996CE8129E2385800193411 /* Debug */,
				1996CE8229E2385800193411 /* Release */,
			);
			defaultConfigurationIsVisible = 0;
			defaultConfigurationName = Release;
		};
/* End XCConfigurationList section */
	};
	rootObject = 1996CE4829E2385500193411 /* Project object */;
}
